Microsoft Visual Studio Solution File, Format Version 11.00
# Visual Studio 2008

Project("{C8AF7A46-4589-6090-ED0A-62FE4BC6E99A}") = "Truck 2D", "Assembly-CSharp.csproj", "{07860948-0C6D-17E0-010D-6AD0CC0725CE}"
EndProject
Global
	GlobalSection(SolutionConfigurationPlatforms) = preSolution
		Debug|Any CPU = Debug|Any CPU
		Release|Any CPU = Release|Any CPU
	EndGlobalSection
	GlobalSection(ProjectConfigurationPlatforms) = postSolution
		{07860948-0C6D-17E0-010D-6AD0CC0725CE}.Debug|Any CPU.ActiveCfg = Debug|Any CPU
		{07860948-0C6D-17E0-010D-6AD0CC0725CE}.Debug|Any CPU.Build.0 = Debug|Any CPU
		{07860948-0C6D-17E0-010D-6AD0CC0725CE}.Release|Any CPU.ActiveCfg = Release|Any CPU
		{07860948-0C6D-17E0-010D-6AD0CC0725CE}.Release|Any CPU.Build.0 = Release|Any CPU
	EndGlobalSection
	GlobalSection(SolutionProperties) = preSolution
		HideSolutionNode = FALSE
	EndGlobalSection
	GlobalSection(MonoDevelopProperties) = preSolution
		StartupItem = Assembly-CSharp.csproj
	EndGlobalSection
EndGlobal
